
Microsoft Visual Studio Solution File, Format Version 12.00
# Visual Studio 15
VisualStudioVersion = 15.0.28307.645
MinimumVisualStudioVersion = 10.0.40219.1
Project("{FAE04EC0-301F-11D3-BF4B-00C04F79EFBC}") = "GeradorDeTabuadas", "GeradorDeTabuadas\GeradorDeTabuadas.csproj", "{0EAF1680-693F-4920-AF64-34A7270C6904}"
EndProject
Global
	GlobalSection(SolutionConfigurationPlatforms) = preSolution
		Debug|Any CPU = Debug|Any CPU
		Release|Any CPU = Release|Any CPU
	EndGlobalSection
	GlobalSection(ProjectConfigurationPlatforms) = postSolution
		{0EAF1680-693F-4920-AF64-34A7270C6904}.Debug|Any CPU.ActiveCfg = Debug|Any CPU
		{0EAF1680-693F-4920-AF64-34A7270C6904}.Debug|Any CPU.Build.0 = Debug|Any CPU
		{0EAF1680-693F-4920-AF64-34A7270C6904}.Release|Any CPU.ActiveCfg = Release|Any CPU
		{0EAF1680-693F-4920-AF64-34A7270C6904}.Release|Any CPU.Build.0 = Release|Any CPU
	EndGlobalSection
	GlobalSection(SolutionProperties) = preSolution
		HideSolutionNode = FALSE
	EndGlobalSection
	GlobalSection(ExtensibilityGlobals) = postSolution
		SolutionGuid = {B5B75F50-9230-474C-85F1-6A2C20D87DAF}
	EndGlobalSection
EndGlobal
